
Microsoft Visual Studio Solution File, Format Version 12.00
# Visual Studio Version 17
VisualStudioVersion = 17.4.33213.308
MinimumVisualStudioVersion = 10.0.40219.1
Project("{FAE04EC0-301F-11D3-BF4B-00C04F79EFBC}") = "Webgentle", "Webgentle\Webgentle.csproj", "{02A6D812-B61E-4610-99EB-7D27657BD2DA}"
EndProject
Global
	GlobalSection(SolutionConfigurationPlatforms) = preSolution
		Debug|Any CPU = Debug|Any CPU
		Release|Any CPU = Release|Any CPU
	EndGlobalSection
	GlobalSection(ProjectConfigurationPlatforms) = postSolution
		{02A6D812-B61E-4610-99EB-7D27657BD2DA}.Debug|Any CPU.ActiveCfg = Debug|Any CPU
		{02A6D812-B61E-4610-99EB-7D27657BD2DA}.Debug|Any CPU.Build.0 = Debug|Any CPU
		{02A6D812-B61E-4610-99EB-7D27657BD2DA}.Release|Any CPU.ActiveCfg = Release|Any CPU
		{02A6D812-B61E-4610-99EB-7D27657BD2DA}.Release|Any CPU.Build.0 = Release|Any CPU
	EndGlobalSection
	GlobalSection(SolutionProperties) = preSolution
		HideSolutionNode = FALSE
	EndGlobalSection
	GlobalSection(ExtensibilityGlobals) = postSolution
		SolutionGuid = {5B9DA395-7C71-4F29-AD5C-0A579C983B3E}
	EndGlobalSection
EndGlobal
